Microsoft Visual Studio Solution File, Format Version 11.00
# Visual Studio 2008

Project("{6F48628D-0D7A-8216-0DD8-EEBA1240844F}") = "MakeBU", "Assembly-CSharp-firstpass.csproj", "{EF226F9C-212B-450E-8B22-9C1F470C139D}"
EndProject
Project("{6F48628D-0D7A-8216-0DD8-EEBA1240844F}") = "MakeBU", "Assembly-CSharp.csproj", "{A865D014-8EC7-B944-29EB-7C0C88009BF2}"
EndProject
Project("{6F48628D-0D7A-8216-0DD8-EEBA1240844F}") = "MakeBU", "Assembly-CSharp-Editor.csproj", "{12662943-3C90-B122-5EA5-ED889055BE30}"
EndProject
Project("{6F48628D-0D7A-8216-0DD8-EEBA1240844F}") = "MakeBU", "Assembly-UnityScript.unityproj", "{AEB9919C-AC3B-B02D-B29C-59F483473952}"
EndProject
Global
	GlobalSection(SolutionConfigurationPlatforms) = preSolution
		Debug|Any CPU = Debug|Any CPU
		Release|Any CPU = Release|Any CPU
	EndGlobalSection
	GlobalSection(ProjectConfigurationPlatforms) = postSolution
		{EF226F9C-212B-450E-8B22-9C1F470C139D}.Debug|Any CPU.ActiveCfg = Debug|Any CPU
		{EF226F9C-212B-450E-8B22-9C1F470C139D}.Debug|Any CPU.Build.0 = Debug|Any CPU
		{EF226F9C-212B-450E-8B22-9C1F470C139D}.Release|Any CPU.ActiveCfg = Release|Any CPU
		{EF226F9C-212B-450E-8B22-9C1F470C139D}.Release|Any CPU.Build.0 = Release|Any CPU
		{A865D014-8EC7-B944-29EB-7C0C88009BF2}.Debug|Any CPU.ActiveCfg = Debug|Any CPU
		{A865D014-8EC7-B944-29EB-7C0C88009BF2}.Debug|Any CPU.Build.0 = Debug|Any CPU
		{A865D014-8EC7-B944-29EB-7C0C88009BF2}.Release|Any CPU.ActiveCfg = Release|Any CPU
		{A865D014-8EC7-B944-29EB-7C0C88009BF2}.Release|Any CPU.Build.0 = Release|Any CPU
		{12662943-3C90-B122-5EA5-ED889055BE30}.Debug|Any CPU.ActiveCfg = Debug|Any CPU
		{12662943-3C90-B122-5EA5-ED889055BE30}.Debug|Any CPU.Build.0 = Debug|Any CPU
		{12662943-3C90-B122-5EA5-ED889055BE30}.Release|Any CPU.ActiveCfg = Release|Any CPU
		{12662943-3C90-B122-5EA5-ED889055BE30}.Release|Any CPU.Build.0 = Release|Any CPU
		{AEB9919C-AC3B-B02D-B29C-59F483473952}.Debug|Any CPU.ActiveCfg = Debug|Any CPU
		{AEB9919C-AC3B-B02D-B29C-59F483473952}.Debug|Any CPU.Build.0 = Debug|Any CPU
		{AEB9919C-AC3B-B02D-B29C-59F483473952}.Release|Any CPU.ActiveCfg = Release|Any CPU
		{AEB9919C-AC3B-B02D-B29C-59F483473952}.Release|Any CPU.Build.0 = Release|Any CPU
	EndGlobalSection
	GlobalSection(SolutionProperties) = preSolution
		HideSolutionNode = FALSE
	EndGlobalSection
																																																				GlobalSection(MonoDevelopProperties) = preSolution
		StartupItem = Assembly-CSharp.csproj
		Policies = $0
		$0.TextStylePolicy = $1
		$1.inheritsSet = null
		$1.scope = text/x-csharp
		$0.CSharpFormattingPolicy = $2
		$2.inheritsSet = Mono
		$2.inheritsScope = text/x-csharp
		$2.scope = text/x-csharp
		$0.TextStylePolicy = $3
		$3.FileWidth = 120
		$3.TabWidth = 4
		$3.IndentWidth = 4
		$3.EolMarker = Unix
		$3.inheritsSet = Mono
		$3.inheritsScope = text/plain
		$3.scope = text/plain
	EndGlobalSection

EndGlobal
